
Microsoft Visual Studio Solution File, Format Version 12.00
# Visual Studio 14
VisualStudioVersion = 14.0.25420.1
MinimumVisualStudioVersion = 10.0.40219.1
Project("{FAE04EC0-301F-11D3-BF4B-00C04F79EFBC}") = "Cogent_Deals", "Cogent Deals\Cogent_Deals\Cogent_Deals.csproj", "{0F72FF9F-8E3C-46E3-AC5A-C38647DD28D9}"
EndProject
Project("{FAE04EC0-301F-11D3-BF4B-00C04F79EFBC}") = "Cogent_Deals.Droid", "Cogent Deals\Cogent_Deals.Droid\Cogent_Deals.Droid.csproj", "{C9B4B0DC-EB43-477C-96A8-C2AD187F247E}"
EndProject
Project("{FAE04EC0-301F-11D3-BF4B-00C04F79EFBC}") = "Cogent_Deals.iOS", "Cogent Deals\Cogent_Deals.iOS\Cogent_Deals.iOS.csproj", "{5176B55D-8D2E-437F-818F-FD589D80DD19}"
EndProject
Project("{FAE04EC0-301F-11D3-BF4B-00C04F79EFBC}") = "Cogent_Deals.WinPhone", "Cogent Deals\Cogent_Deals.WinPhone\Cogent_Deals.WinPhone.csproj", "{FFEDD44E-CCCE-405B-BF57-012916881E28}"
EndProject
Project("{FAE04EC0-301F-11D3-BF4B-00C04F79EFBC}") = "Cogent_Deals.Windows", "Cogent Deals\Cogent_Deals.Windows\Cogent_Deals.Windows.csproj", "{1FF98758-99C7-4E19-A8A5-58DB82F13596}"
EndProject
Global
	GlobalSection(SolutionConfigurationPlatforms) = preSolution
		Ad-Hoc|Any CPU = Ad-Hoc|Any CPU
		Ad-Hoc|ARM = Ad-Hoc|ARM
		Ad-Hoc|iPhone = Ad-Hoc|iPhone
		Ad-Hoc|iPhoneSimulator = Ad-Hoc|iPhoneSimulator
		Ad-Hoc|x64 = Ad-Hoc|x64
		Ad-Hoc|x86 = Ad-Hoc|x86
		AppStore|Any CPU = AppStore|Any CPU
		AppStore|ARM = AppStore|ARM
		AppStore|iPhone = AppStore|iPhone
		AppStore|iPhoneSimulator = AppStore|iPhoneSimulator
		AppStore|x64 = AppStore|x64
		AppStore|x86 = AppStore|x86
		Debug|Any CPU = Debug|Any CPU
		Debug|ARM = Debug|ARM
		Debug|iPhone = Debug|iPhone
		Debug|iPhoneSimulator = Debug|iPhoneSimulator
		Debug|x64 = Debug|x64
		Debug|x86 = Debug|x86
		Release|Any CPU = Release|Any CPU
		Release|ARM = Release|ARM
		Release|iPhone = Release|iPhone
		Release|iPhoneSimulator = Release|iPhoneSimulator
		Release|x64 = Release|x64
		Release|x86 = Release|x86
	EndGlobalSection
	GlobalSection(ProjectConfigurationPlatforms) = postSolution
		{0F72FF9F-8E3C-46E3-AC5A-C38647DD28D9}.Ad-Hoc|Any CPU.ActiveCfg = Release|Any CPU
		{0F72FF9F-8E3C-46E3-AC5A-C38647DD28D9}.Ad-Hoc|Any CPU.Build.0 = Release|Any CPU
		{0F72FF9F-8E3C-46E3-AC5A-C38647DD28D9}.Ad-Hoc|ARM.ActiveCfg = Release|Any CPU
		{0F72FF9F-8E3C-46E3-AC5A-C38647DD28D9}.Ad-Hoc|ARM.Build.0 = Release|Any CPU
		{0F72FF9F-8E3C-46E3-AC5A-C38647DD28D9}.Ad-Hoc|iPhone.ActiveCfg = Release|Any CPU
		{0F72FF9F-8E3C-46E3-AC5A-C38647DD28D9}.Ad-Hoc|iPhone.Build.0 = Release|Any CPU
		{0F72FF9F-8E3C-46E3-AC5A-C38647DD28D9}.Ad-Hoc|iPhoneSimulator.ActiveCfg = Release|Any CPU
		{0F72FF9F-8E3C-46E3-AC5A-C38647DD28D9}.Ad-Hoc|iPhoneSimulator.Build.0 = Release|Any CPU
		{0F72FF9F-8E3C-46E3-AC5A-C38647DD28D9}.Ad-Hoc|x64.ActiveCfg = Release|Any CPU
		{0F72FF9F-8E3C-46E3-AC5A-C38647DD28D9}.Ad-Hoc|x64.Build.0 = Release|Any CPU
		{0F72FF9F-8E3C-46E3-AC5A-C38647DD28D9}.Ad-Hoc|x86.ActiveCfg = Release|Any CPU
		{0F72FF9F-8E3C-46E3-AC5A-C38647DD28D9}.Ad-Hoc|x86.Build.0 = Release|Any CPU
		{0F72FF9F-8E3C-46E3-AC5A-C38647DD28D9}.AppStore|Any CPU.ActiveCfg = Release|Any CPU
		{0F72FF9F-8E3C-46E3-AC5A-C38647DD28D9}.AppStore|Any CPU.Build.0 = Release|Any CPU
		{0F72FF9F-8E3C-46E3-AC5A-C38647DD28D9}.AppStore|ARM.ActiveCfg = Release|Any CPU
		{0F72FF9F-8E3C-46E3-AC5A-C38647DD28D9}.AppStore|ARM.Build.0 = Release|Any CPU
		{0F72FF9F-8E3C-46E3-AC5A-C38647DD28D9}.AppStore|iPhone.ActiveCfg = Release|Any CPU
		{0F72FF9F-8E3C-46E3-AC5A-C38647DD28D9}.AppStore|iPhone.Build.0 = Release|Any CPU
		{0F72FF9F-8E3C-46E3-AC5A-C38647DD28D9}.AppStore|iPhoneSimulator.ActiveCfg = Release|Any CPU
		{0F72FF9F-8E3C-46E3-AC5A-C38647DD28D9}.AppStore|iPhoneSimulator.Build.0 = Release|Any CPU
		{0F72FF9F-8E3C-46E3-AC5A-C38647DD28D9}.AppStore|x64.ActiveCfg = Release|Any CPU
		{0F72FF9F-8E3C-46E3-AC5A-C38647DD28D9}.AppStore|x64.Build.0 = Release|Any CPU
		{0F72FF9F-8E3C-46E3-AC5A-C38647DD28D9}.AppStore|x86.ActiveCfg = Release|Any CPU
		{0F72FF9F-8E3C-46E3-AC5A-C38647DD28D9}.AppStore|x86.Build.0 = Release|Any CPU
		{0F72FF9F-8E3C-46E3-AC5A-C38647DD28D9}.Debug|Any CPU.ActiveCfg = Debug|Any CPU
		{0F72FF9F-8E3C-46E3-AC5A-C38647DD28D9}.Debug|Any CPU.Build.0 = Debug|Any CPU
		{0F72FF9F-8E3C-46E3-AC5A-C38647DD28D9}.Debug|ARM.ActiveCfg = Debug|Any CPU
		{0F72FF9F-8E3C-46E3-AC5A-C38647DD28D9}.Debug|ARM.Build.0 = Debug|Any CPU
		{0F72FF9F-8E3C-46E3-AC5A-C38647DD28D9}.Debug|iPhone.ActiveCfg = Debug|Any CPU
		{0F72FF9F-8E3C-46E3-AC5A-C38647DD28D9}.Debug|iPhone.Build.0 = Debug|Any CPU
		{0F72FF9F-8E3C-46E3-AC5A-C38647DD28D9}.Debug|iPhoneSimulator.ActiveCfg = Debug|Any CPU
		{0F72FF9F-8E3C-46E3-AC5A-C38647DD28D9}.Debug|iPhoneSimulator.Build.0 = Debug|Any CPU
		{0F72FF9F-8E3C-46E3-AC5A-C38647DD28D9}.Debug|x64.ActiveCfg = Debug|Any CPU
		{0F72FF9F-8E3C-46E3-AC5A-C38647DD28D9}.Debug|x64.Build.0 = Debug|Any CPU
		{0F72FF9F-8E3C-46E3-AC5A-C38647DD28D9}.Debug|x86.ActiveCfg = Debug|Any CPU
		{0F72FF9F-8E3C-46E3-AC5A-C38647DD28D9}.Debug|x86.Build.0 = Debug|Any CPU
		{0F72FF9F-8E3C-46E3-AC5A-C38647DD28D9}.Release|Any CPU.ActiveCfg = Release|Any CPU
		{0F72FF9F-8E3C-46E3-AC5A-C38647DD28D9}.Release|Any CPU.Build.0 = Release|Any CPU
		{0F72FF9F-8E3C-46E3-AC5A-C38647DD28D9}.Release|ARM.ActiveCfg = Release|Any CPU
		{0F72FF9F-8E3C-46E3-AC5A-C38647DD28D9}.Release|ARM.Build.0 = Release|Any CPU
		{0F72FF9F-8E3C-46E3-AC5A-C38647DD28D9}.Release|iPhone.ActiveCfg = Release|Any CPU
		{0F72FF9F-8E3C-46E3-AC5A-C38647DD28D9}.Release|iPhone.Build.0 = Release|Any CPU
		{0F72FF9F-8E3C-46E3-AC5A-C38647DD28D9}.Release|iPhoneSimulator.ActiveCfg = Release|Any CPU
		{0F72FF9F-8E3C-46E3-AC5A-C38647DD28D9}.Release|iPhoneSimulator.Build.0 = Release|Any CPU
		{0F72FF9F-8E3C-46E3-AC5A-C38647DD28D9}.Release|x64.ActiveCfg = Release|Any CPU
		{0F72FF9F-8E3C-46E3-AC5A-C38647DD28D9}.Release|x64.Build.0 = Release|Any CPU
		{0F72FF9F-8E3C-46E3-AC5A-C38647DD28D9}.Release|x86.ActiveCfg = Release|Any CPU
		{0F72FF9F-8E3C-46E3-AC5A-C38647DD28D9}.Release|x86.Build.0 = Release|Any CPU
		{C9B4B0DC-EB43-477C-96A8-C2AD187F247E}.Ad-Hoc|Any CPU.ActiveCfg = Release|Any CPU
		{C9B4B0DC-EB43-477C-96A8-C2AD187F247E}.Ad-Hoc|Any CPU.Build.0 = Release|Any CPU
		{C9B4B0DC-EB43-477C-96A8-C2AD187F247E}.Ad-Hoc|Any CPU.Deploy.0 = Release|Any CPU
		{C9B4B0DC-EB43-477C-96A8-C2AD187F247E}.Ad-Hoc|ARM.ActiveCfg = Release|Any CPU
		{C9B4B0DC-EB43-477C-96A8-C2AD187F247E}.Ad-Hoc|ARM.Build.0 = Release|Any CPU
		{C9B4B0DC-EB43-477C-96A8-C2AD187F247E}.Ad-Hoc|ARM.Deploy.0 = Release|Any CPU
		{C9B4B0DC-EB43-477C-96A8-C2AD187F247E}.Ad-Hoc|iPhone.ActiveCfg = Release|Any CPU
		{C9B4B0DC-EB43-477C-96A8-C2AD187F247E}.Ad-Hoc|iPhone.Build.0 = Release|Any CPU
		{C9B4B0DC-EB43-477C-96A8-C2AD187F247E}.Ad-Hoc|iPhone.Deploy.0 = Release|Any CPU
		{C9B4B0DC-EB43-477C-96A8-C2AD187F247E}.Ad-Hoc|iPhoneSimulator.ActiveCfg = Release|Any CPU
		{C9B4B0DC-EB43-477C-96A8-C2AD187F247E}.Ad-Hoc|iPhoneSimulator.Build.0 = Release|Any CPU
		{C9B4B0DC-EB43-477C-96A8-C2AD187F247E}.Ad-Hoc|iPhoneSimulator.Deploy.0 = Release|Any CPU
		{C9B4B0DC-EB43-477C-96A8-C2AD187F247E}.Ad-Hoc|x64.ActiveCfg = Release|Any CPU
		{C9B4B0DC-EB43-477C-96A8-C2AD187F247E}.Ad-Hoc|x64.Build.0 = Release|Any CPU
		{C9B4B0DC-EB43-477C-96A8-C2AD187F247E}.Ad-Hoc|x64.Deploy.0 = Release|Any CPU
		{C9B4B0DC-EB43-477C-96A8-C2AD187F247E}.Ad-Hoc|x86.ActiveCfg = Release|Any CPU
		{C9B4B0DC-EB43-477C-96A8-C2AD187F247E}.Ad-Hoc|x86.Build.0 = Release|Any CPU
		{C9B4B0DC-EB43-477C-96A8-C2AD187F247E}.Ad-Hoc|x86.Deploy.0 = Release|Any CPU
		{C9B4B0DC-EB43-477C-96A8-C2AD187F247E}.AppStore|Any CPU.ActiveCfg = Release|Any CPU
		{C9B4B0DC-EB43-477C-96A8-C2AD187F247E}.AppStore|Any CPU.Build.0 = Release|Any CPU
		{C9B4B0DC-EB43-477C-96A8-C2AD187F247E}.AppStore|Any CPU.Deploy.0 = Release|Any CPU
		{C9B4B0DC-EB43-477C-96A8-C2AD187F247E}.AppStore|ARM.ActiveCfg = Release|Any CPU
		{C9B4B0DC-EB43-477C-96A8-C2AD187F247E}.AppStore|ARM.Build.0 = Release|Any CPU
		{C9B4B0DC-EB43-477C-96A8-C2AD187F247E}.AppStore|ARM.Deploy.0 = Release|Any CPU
		{C9B4B0DC-EB43-477C-96A8-C2AD187F247E}.AppStore|iPhone.ActiveCfg = Release|Any CPU
		{C9B4B0DC-EB43-477C-96A8-C2AD187F247E}.AppStore|iPhone.Build.0 = Release|Any CPU
		{C9B4B0DC-EB43-477C-96A8-C2AD187F247E}.AppStore|iPhone.Deploy.0 = Release|Any CPU
		{C9B4B0DC-EB43-477C-96A8-C2AD187F247E}.AppStore|iPhoneSimulator.ActiveCfg = Release|Any CPU
		{C9B4B0DC-EB43-477C-96A8-C2AD187F247E}.AppStore|iPhoneSimulator.Build.0 = Release|Any CPU
		{C9B4B0DC-EB43-477C-96A8-C2AD187F247E}.AppStore|iPhoneSimulator.Deploy.0 = Release|Any CPU
		{C9B4B0DC-EB43-477C-96A8-C2AD187F247E}.AppStore|x64.ActiveCfg = Release|Any CPU
		{C9B4B0DC-EB43-477C-96A8-C2AD187F247E}.AppStore|x64.Build.0 = Release|Any CPU
		{C9B4B0DC-EB43-477C-96A8-C2AD187F247E}.AppStore|x64.Deploy.0 = Release|Any CPU
		{C9B4B0DC-EB43-477C-96A8-C2AD187F247E}.AppStore|x86.ActiveCfg = Release|Any CPU
		{C9B4B0DC-EB43-477C-96A8-C2AD187F247E}.AppStore|x86.Build.0 = Release|Any CPU
		{C9B4B0DC-EB43-477C-96A8-C2AD187F247E}.AppStore|x86.Deploy.0 = Release|Any CPU
		{C9B4B0DC-EB43-477C-96A8-C2AD187F247E}.Debug|Any CPU.ActiveCfg = Debug|Any CPU
		{C9B4B0DC-EB43-477C-96A8-C2AD187F247E}.Debug|Any CPU.Build.0 = Debug|Any CPU
		{C9B4B0DC-EB43-477C-96A8-C2AD187F247E}.Debug|Any CPU.Deploy.0 = Debug|Any CPU
		{C9B4B0DC-EB43-477C-96A8-C2AD187F247E}.Debug|ARM.ActiveCfg = Debug|Any CPU
		{C9B4B0DC-EB43-477C-96A8-C2AD187F247E}.Debug|ARM.Build.0 = Debug|Any CPU
		{C9B4B0DC-EB43-477C-96A8-C2AD187F247E}.Debug|ARM.Deploy.0 = Debug|Any CPU
		{C9B4B0DC-EB43-477C-96A8-C2AD187F247E}.Debug|iPhone.ActiveCfg = Debug|Any CPU
		{C9B4B0DC-EB43-477C-96A8-C2AD187F247E}.Debug|iPhone.Build.0 = Debug|Any CPU
		{C9B4B0DC-EB43-477C-96A8-C2AD187F247E}.Debug|iPhone.Deploy.0 = Debug|Any CPU
		{C9B4B0DC-EB43-477C-96A8-C2AD187F247E}.Debug|iPhoneSimulator.ActiveCfg = Debug|Any CPU
		{C9B4B0DC-EB43-477C-96A8-C2AD187F247E}.Debug|iPhoneSimulator.Build.0 = Debug|Any CPU
		{C9B4B0DC-EB43-477C-96A8-C2AD187F247E}.Debug|iPhoneSimulator.Deploy.0 = Debug|Any CPU
		{C9B4B0DC-EB43-477C-96A8-C2AD187F247E}.Debug|x64.ActiveCfg = Debug|Any CPU
		{C9B4B0DC-EB43-477C-96A8-C2AD187F247E}.Debug|x64.Build.0 = Debug|Any CPU
		{C9B4B0DC-EB43-477C-96A8-C2AD187F247E}.Debug|x64.Deploy.0 = Debug|Any CPU
		{C9B4B0DC-EB43-477C-96A8-C2AD187F247E}.Debug|x86.ActiveCfg = Debug|Any CPU
		{C9B4B0DC-EB43-477C-96A8-C2AD187F247E}.Debug|x86.Build.0 = Debug|Any CPU
		{C9B4B0DC-EB43-477C-96A8-C2AD187F247E}.Debug|x86.Deploy.0 = Debug|Any CPU
		{C9B4B0DC-EB43-477C-96A8-C2AD187F247E}.Release|Any CPU.ActiveCfg = Release|Any CPU
		{C9B4B0DC-EB43-477C-96A8-C2AD187F247E}.Release|Any CPU.Build.0 = Release|Any CPU
		{C9B4B0DC-EB43-477C-96A8-C2AD187F247E}.Release|Any CPU.Deploy.0 = Release|Any CPU
		{C9B4B0DC-EB43-477C-96A8-C2AD187F247E}.Release|ARM.ActiveCfg = Release|Any CPU
		{C9B4B0DC-EB43-477C-96A8-C2AD187F247E}.Release|ARM.Build.0 = Release|Any CPU
		{C9B4B0DC-EB43-477C-96A8-C2AD187F247E}.Release|ARM.Deploy.0 = Release|Any CPU
		{C9B4B0DC-EB43-477C-96A8-C2AD187F247E}.Release|iPhone.ActiveCfg = Release|Any CPU
		{C9B4B0DC-EB43-477C-96A8-C2AD187F247E}.Release|iPhone.Build.0 = Release|Any CPU
		{C9B4B0DC-EB43-477C-96A8-C2AD187F247E}.Release|iPhone.Deploy.0 = Release|Any CPU
		{C9B4B0DC-EB43-477C-96A8-C2AD187F247E}.Release|iPhoneSimulator.ActiveCfg = Release|Any CPU
		{C9B4B0DC-EB43-477C-96A8-C2AD187F247E}.Release|iPhoneSimulator.Build.0 = Release|Any CPU
		{C9B4B0DC-EB43-477C-96A8-C2AD187F247E}.Release|iPhoneSimulator.Deploy.0 = Release|Any CPU
		{C9B4B0DC-EB43-477C-96A8-C2AD187F247E}.Release|x64.ActiveCfg = Release|Any CPU
		{C9B4B0DC-EB43-477C-96A8-C2AD187F247E}.Release|x64.Build.0 = Release|Any CPU
		{C9B4B0DC-EB43-477C-96A8-C2AD187F247E}.Release|x64.Deploy.0 = Release|Any CPU
		{C9B4B0DC-EB43-477C-96A8-C2AD187F247E}.Release|x86.ActiveCfg = Release|Any CPU
		{C9B4B0DC-EB43-477C-96A8-C2AD187F247E}.Release|x86.Build.0 = Release|Any CPU
		{C9B4B0DC-EB43-477C-96A8-C2AD187F247E}.Release|x86.Deploy.0 = Release|Any CPU
		{5176B55D-8D2E-437F-818F-FD589D80DD19}.Ad-Hoc|Any CPU.ActiveCfg = Ad-Hoc|iPhone
		{5176B55D-8D2E-437F-818F-FD589D80DD19}.Ad-Hoc|ARM.ActiveCfg = Ad-Hoc|iPhone
		{5176B55D-8D2E-437F-818F-FD589D80DD19}.Ad-Hoc|iPhone.ActiveCfg = Ad-Hoc|iPhone
		{5176B55D-8D2E-437F-818F-FD589D80DD19}.Ad-Hoc|iPhone.Build.0 = Ad-Hoc|iPhone
		{5176B55D-8D2E-437F-818F-FD589D80DD19}.Ad-Hoc|iPhoneSimulator.ActiveCfg = Ad-Hoc|iPhoneSimulator
		{5176B55D-8D2E-437F-818F-FD589D80DD19}.Ad-Hoc|iPhoneSimulator.Build.0 = Ad-Hoc|iPhoneSimulator
		{5176B55D-8D2E-437F-818F-FD589D80DD19}.Ad-Hoc|x64.ActiveCfg = Ad-Hoc|iPhone
		{5176B55D-8D2E-437F-818F-FD589D80DD19}.Ad-Hoc|x86.ActiveCfg = Ad-Hoc|iPhone
		{5176B55D-8D2E-437F-818F-FD589D80DD19}.AppStore|Any CPU.ActiveCfg = AppStore|iPhone
		{5176B55D-8D2E-437F-818F-FD589D80DD19}.AppStore|ARM.ActiveCfg = AppStore|iPhone
		{5176B55D-8D2E-437F-818F-FD589D80DD19}.AppStore|iPhone.ActiveCfg = AppStore|iPhone
		{5176B55D-8D2E-437F-818F-FD589D80DD19}.AppStore|iPhone.Build.0 = AppStore|iPhone
		{5176B55D-8D2E-437F-818F-FD589D80DD19}.AppStore|iPhoneSimulator.ActiveCfg = AppStore|iPhoneSimulator
		{5176B55D-8D2E-437F-818F-FD589D80DD19}.AppStore|iPhoneSimulator.Build.0 = AppStore|iPhoneSimulator
		{5176B55D-8D2E-437F-818F-FD589D80DD19}.AppStore|x64.ActiveCfg = AppStore|iPhone
		{5176B55D-8D2E-437F-818F-FD589D80DD19}.AppStore|x86.ActiveCfg = AppStore|iPhone
		{5176B55D-8D2E-437F-818F-FD589D80DD19}.Debug|Any CPU.ActiveCfg = Debug|iPhone
		{5176B55D-8D2E-437F-818F-FD589D80DD19}.Debug|ARM.ActiveCfg = Debug|iPhone
		{5176B55D-8D2E-437F-818F-FD589D80DD19}.Debug|iPhone.ActiveCfg = Debug|iPhone
		{5176B55D-8D2E-437F-818F-FD589D80DD19}.Debug|iPhone.Build.0 = Debug|iPhone
		{5176B55D-8D2E-437F-818F-FD589D80DD19}.Debug|iPhoneSimulator.ActiveCfg = Debug|iPhoneSimulator
		{5176B55D-8D2E-437F-818F-FD589D80DD19}.Debug|iPhoneSimulator.Build.0 = Debug|iPhoneSimulator
		{5176B55D-8D2E-437F-818F-FD589D80DD19}.Debug|x64.ActiveCfg = Debug|iPhone
		{5176B55D-8D2E-437F-818F-FD589D80DD19}.Debug|x86.ActiveCfg = Debug|iPhone
		{5176B55D-8D2E-437F-818F-FD589D80DD19}.Release|Any CPU.ActiveCfg = Release|iPhone
		{5176B55D-8D2E-437F-818F-FD589D80DD19}.Release|ARM.ActiveCfg = Release|iPhone
		{5176B55D-8D2E-437F-818F-FD589D80DD19}.Release|iPhone.ActiveCfg = Release|iPhone
		{5176B55D-8D2E-437F-818F-FD589D80DD19}.Release|iPhone.Build.0 = Release|iPhone
		{5176B55D-8D2E-437F-818F-FD589D80DD19}.Release|iPhoneSimulator.ActiveCfg = Release|iPhoneSimulator
		{5176B55D-8D2E-437F-818F-FD589D80DD19}.Release|iPhoneSimulator.Build.0 = Release|iPhoneSimulator
		{5176B55D-8D2E-437F-818F-FD589D80DD19}.Release|x64.ActiveCfg = Release|iPhone
		{5176B55D-8D2E-437F-818F-FD589D80DD19}.Release|x86.ActiveCfg = Release|iPhone
		{FFEDD44E-CCCE-405B-BF57-012916881E28}.Ad-Hoc|Any CPU.ActiveCfg = Release|Any CPU
		{FFEDD44E-CCCE-405B-BF57-012916881E28}.Ad-Hoc|Any CPU.Build.0 = Release|Any CPU
		{FFEDD44E-CCCE-405B-BF57-012916881E28}.Ad-Hoc|Any CPU.Deploy.0 = Release|Any CPU
		{FFEDD44E-CCCE-405B-BF57-012916881E28}.Ad-Hoc|ARM.ActiveCfg = Release|ARM
		{FFEDD44E-CCCE-405B-BF57-012916881E28}.Ad-Hoc|ARM.Build.0 = Release|ARM
		{FFEDD44E-CCCE-405B-BF57-012916881E28}.Ad-Hoc|ARM.Deploy.0 = Release|ARM
		{FFEDD44E-CCCE-405B-BF57-012916881E28}.Ad-Hoc|iPhone.ActiveCfg = Release|Any CPU
		{FFEDD44E-CCCE-405B-BF57-012916881E28}.Ad-Hoc|iPhone.Build.0 = Release|Any CPU
		{FFEDD44E-CCCE-405B-BF57-012916881E28}.Ad-Hoc|iPhone.Deploy.0 = Release|Any CPU
		{FFEDD44E-CCCE-405B-BF57-012916881E28}.Ad-Hoc|iPhoneSimulator.ActiveCfg = Release|Any CPU
		{FFEDD44E-CCCE-405B-BF57-012916881E28}.Ad-Hoc|iPhoneSimulator.Build.0 = Release|Any CPU
		{FFEDD44E-CCCE-405B-BF57-012916881E28}.Ad-Hoc|iPhoneSimulator.Deploy.0 = Release|Any CPU
		{FFEDD44E-CCCE-405B-BF57-012916881E28}.Ad-Hoc|x64.ActiveCfg = Release|Any CPU
		{FFEDD44E-CCCE-405B-BF57-012916881E28}.Ad-Hoc|x64.Build.0 = Release|Any CPU
		{FFEDD44E-CCCE-405B-BF57-012916881E28}.Ad-Hoc|x64.Deploy.0 = Release|Any CPU
		{FFEDD44E-CCCE-405B-BF57-012916881E28}.Ad-Hoc|x86.ActiveCfg = Release|x86
		{FFEDD44E-CCCE-405B-BF57-012916881E28}.Ad-Hoc|x86.Build.0 = Release|x86
		{FFEDD44E-CCCE-405B-BF57-012916881E28}.Ad-Hoc|x86.Deploy.0 = Release|x86
		{FFEDD44E-CCCE-405B-BF57-012916881E28}.AppStore|Any CPU.ActiveCfg = Release|Any CPU
		{FFEDD44E-CCCE-405B-BF57-012916881E28}.AppStore|Any CPU.Build.0 = Release|Any CPU
		{FFEDD44E-CCCE-405B-BF57-012916881E28}.AppStore|Any CPU.Deploy.0 = Release|Any CPU
		{FFEDD44E-CCCE-405B-BF57-012916881E28}.AppStore|ARM.ActiveCfg = Release|ARM
		{FFEDD44E-CCCE-405B-BF57-012916881E28}.AppStore|ARM.Build.0 = Release|ARM
		{FFEDD44E-CCCE-405B-BF57-012916881E28}.AppStore|ARM.Deploy.0 = Release|ARM
		{FFEDD44E-CCCE-405B-BF57-012916881E28}.AppStore|iPhone.ActiveCfg = Release|Any CPU
		{FFEDD44E-CCCE-405B-BF57-012916881E28}.AppStore|iPhone.Build.0 = Release|Any CPU
		{FFEDD44E-CCCE-405B-BF57-012916881E28}.AppStore|iPhone.Deploy.0 = Release|Any CPU
		{FFEDD44E-CCCE-405B-BF57-012916881E28}.AppStore|iPhoneSimulator.ActiveCfg = Release|Any CPU
		{FFEDD44E-CCCE-405B-BF57-012916881E28}.AppStore|iPhoneSimulator.Build.0 = Release|Any CPU
		{FFEDD44E-CCCE-405B-BF57-012916881E28}.AppStore|iPhoneSimulator.Deploy.0 = Release|Any CPU
		{FFEDD44E-CCCE-405B-BF57-012916881E28}.AppStore|x64.ActiveCfg = Release|Any CPU
		{FFEDD44E-CCCE-405B-BF57-012916881E28}.AppStore|x64.Build.0 = Release|Any CPU
		{FFEDD44E-CCCE-405B-BF57-012916881E28}.AppStore|x64.Deploy.0 = Release|Any CPU
		{FFEDD44E-CCCE-405B-BF57-012916881E28}.AppStore|x86.ActiveCfg = Release|x86
		{FFEDD44E-CCCE-405B-BF57-012916881E28}.AppStore|x86.Build.0 = Release|x86
		{FFEDD44E-CCCE-405B-BF57-012916881E28}.AppStore|x86.Deploy.0 = Release|x86
		{FFEDD44E-CCCE-405B-BF57-012916881E28}.Debug|Any CPU.ActiveCfg = Debug|Any CPU
		{FFEDD44E-CCCE-405B-BF57-012916881E28}.Debug|Any CPU.Build.0 = Debug|Any CPU
		{FFEDD44E-CCCE-405B-BF57-012916881E28}.Debug|Any CPU.Deploy.0 = Debug|Any CPU
		{FFEDD44E-CCCE-405B-BF57-012916881E28}.Debug|ARM.ActiveCfg = Debug|ARM
		{FFEDD44E-CCCE-405B-BF57-012916881E28}.Debug|ARM.Build.0 = Debug|ARM
		{FFEDD44E-CCCE-405B-BF57-012916881E28}.Debug|ARM.Deploy.0 = Debug|ARM
		{FFEDD44E-CCCE-405B-BF57-012916881E28}.Debug|iPhone.ActiveCfg = Debug|Any CPU
		{FFEDD44E-CCCE-405B-BF57-012916881E28}.Debug|iPhone.Build.0 = Debug|Any CPU
		{FFEDD44E-CCCE-405B-BF57-012916881E28}.Debug|iPhone.Deploy.0 = Debug|Any CPU
		{FFEDD44E-CCCE-405B-BF57-012916881E28}.Debug|iPhoneSimulator.ActiveCfg = Debug|Any CPU
		{FFEDD44E-CCCE-405B-BF57-012916881E28}.Debug|iPhoneSimulator.Build.0 = Debug|Any CPU
		{FFEDD44E-CCCE-405B-BF57-012916881E28}.Debug|iPhoneSimulator.Deploy.0 = Debug|Any CPU
		{FFEDD44E-CCCE-405B-BF57-012916881E28}.Debug|x64.ActiveCfg = Debug|Any CPU
		{FFEDD44E-CCCE-405B-BF57-012916881E28}.Debug|x64.Build.0 = Debug|Any CPU
		{FFEDD44E-CCCE-405B-BF57-012916881E28}.Debug|x64.Deploy.0 = Debug|Any CPU
		{FFEDD44E-CCCE-405B-BF57-012916881E28}.Debug|x86.ActiveCfg = Debug|x86
		{FFEDD44E-CCCE-405B-BF57-012916881E28}.Debug|x86.Build.0 = Debug|x86
		{FFEDD44E-CCCE-405B-BF57-012916881E28}.Debug|x86.Deploy.0 = Debug|x86
		{FFEDD44E-CCCE-405B-BF57-012916881E28}.Release|Any CPU.ActiveCfg = Release|Any CPU
		{FFEDD44E-CCCE-405B-BF57-012916881E28}.Release|Any CPU.Build.0 = Release|Any CPU
		{FFEDD44E-CCCE-405B-BF57-012916881E28}.Release|Any CPU.Deploy.0 = Release|Any CPU
		{FFEDD44E-CCCE-405B-BF57-012916881E28}.Release|ARM.ActiveCfg = Release|ARM
		{FFEDD44E-CCCE-405B-BF57-012916881E28}.Release|ARM.Build.0 = Release|ARM
		{FFEDD44E-CCCE-405B-BF57-012916881E28}.Release|ARM.Deploy.0 = Release|ARM
		{FFEDD44E-CCCE-405B-BF57-012916881E28}.Release|iPhone.ActiveCfg = Release|Any CPU
		{FFEDD44E-CCCE-405B-BF57-012916881E28}.Release|iPhone.Build.0 = Release|Any CPU
		{FFEDD44E-CCCE-405B-BF57-012916881E28}.Release|iPhone.Deploy.0 = Release|Any CPU
		{FFEDD44E-CCCE-405B-BF57-012916881E28}.Release|iPhoneSimulator.ActiveCfg = Release|Any CPU
		{FFEDD44E-CCCE-405B-BF57-012916881E28}.Release|iPhoneSimulator.Build.0 = Release|Any CPU
		{FFEDD44E-CCCE-405B-BF57-012916881E28}.Release|iPhoneSimulator.Deploy.0 = Release|Any CPU
		{FFEDD44E-CCCE-405B-BF57-012916881E28}.Release|x64.ActiveCfg = Release|Any CPU
		{FFEDD44E-CCCE-405B-BF57-012916881E28}.Release|x64.Build.0 = Release|Any CPU
		{FFEDD44E-CCCE-405B-BF57-012916881E28}.Release|x64.Deploy.0 = Release|Any CPU
		{FFEDD44E-CCCE-405B-BF57-012916881E28}.Release|x86.ActiveCfg = Release|x86
		{FFEDD44E-CCCE-405B-BF57-012916881E28}.Release|x86.Build.0 = Release|x86
		{FFEDD44E-CCCE-405B-BF57-012916881E28}.Release|x86.Deploy.0 = Release|x86
		{1FF98758-99C7-4E19-A8A5-58DB82F13596}.Ad-Hoc|Any CPU.ActiveCfg = Release|Any CPU
		{1FF98758-99C7-4E19-A8A5-58DB82F13596}.Ad-Hoc|Any CPU.Build.0 = Release|Any CPU
		{1FF98758-99C7-4E19-A8A5-58DB82F13596}.Ad-Hoc|Any CPU.Deploy.0 = Release|Any CPU
		{1FF98758-99C7-4E19-A8A5-58DB82F13596}.Ad-Hoc|ARM.ActiveCfg = Release|ARM
		{1FF98758-99C7-4E19-A8A5-58DB82F13596}.Ad-Hoc|ARM.Build.0 = Release|ARM
		{1FF98758-99C7-4E19-A8A5-58DB82F13596}.Ad-Hoc|ARM.Deploy.0 = Release|ARM
		{1FF98758-99C7-4E19-A8A5-58DB82F13596}.Ad-Hoc|iPhone.ActiveCfg = Release|Any CPU
		{1FF98758-99C7-4E19-A8A5-58DB82F13596}.Ad-Hoc|iPhone.Build.0 = Release|Any CPU
		{1FF98758-99C7-4E19-A8A5-58DB82F13596}.Ad-Hoc|iPhone.Deploy.0 = Release|Any CPU
		{1FF98758-99C7-4E19-A8A5-58DB82F13596}.Ad-Hoc|iPhoneSimulator.ActiveCfg = Release|Any CPU
		{1FF98758-99C7-4E19-A8A5-58DB82F13596}.Ad-Hoc|iPhoneSimulator.Build.0 = Release|Any CPU
		{1FF98758-99C7-4E19-A8A5-58DB82F13596}.Ad-Hoc|iPhoneSimulator.Deploy.0 = Release|Any CPU
		{1FF98758-99C7-4E19-A8A5-58DB82F13596}.Ad-Hoc|x64.ActiveCfg = Release|x64
		{1FF98758-99C7-4E19-A8A5-58DB82F13596}.Ad-Hoc|x64.Build.0 = Release|x64
		{1FF98758-99C7-4E19-A8A5-58DB82F13596}.Ad-Hoc|x64.Deploy.0 = Release|x64
		{1FF98758-99C7-4E19-A8A5-58DB82F13596}.Ad-Hoc|x86.ActiveCfg = Release|x86
		{1FF98758-99C7-4E19-A8A5-58DB82F13596}.Ad-Hoc|x86.Build.0 = Release|x86
		{1FF98758-99C7-4E19-A8A5-58DB82F13596}.Ad-Hoc|x86.Deploy.0 = Release|x86
		{1FF98758-99C7-4E19-A8A5-58DB82F13596}.AppStore|Any CPU.ActiveCfg = Release|Any CPU
		{1FF98758-99C7-4E19-A8A5-58DB82F13596}.AppStore|Any CPU.Build.0 = Release|Any CPU
		{1FF98758-99C7-4E19-A8A5-58DB82F13596}.AppStore|Any CPU.Deploy.0 = Release|Any CPU
		{1FF98758-99C7-4E19-A8A5-58DB82F13596}.AppStore|ARM.ActiveCfg = Release|ARM
		{1FF98758-99C7-4E19-A8A5-58DB82F13596}.AppStore|ARM.Build.0 = Release|ARM
		{1FF98758-99C7-4E19-A8A5-58DB82F13596}.AppStore|ARM.Deploy.0 = Release|ARM
		{1FF98758-99C7-4E19-A8A5-58DB82F13596}.AppStore|iPhone.ActiveCfg = Release|Any CPU
		{1FF98758-99C7-4E19-A8A5-58DB82F13596}.AppStore|iPhone.Build.0 = Release|Any CPU
		{1FF98758-99C7-4E19-A8A5-58DB82F13596}.AppStore|iPhone.Deploy.0 = Release|Any CPU
		{1FF98758-99C7-4E19-A8A5-58DB82F13596}.AppStore|iPhoneSimulator.ActiveCfg = Release|Any CPU
		{1FF98758-99C7-4E19-A8A5-58DB82F13596}.AppStore|iPhoneSimulator.Build.0 = Release|Any CPU
		{1FF98758-99C7-4E19-A8A5-58DB82F13596}.AppStore|iPhoneSimulator.Deploy.0 = Release|Any CPU
		{1FF98758-99C7-4E19-A8A5-58DB82F13596}.AppStore|x64.ActiveCfg = Release|x64
		{1FF98758-99C7-4E19-A8A5-58DB82F13596}.AppStore|x64.Build.0 = Release|x64
		{1FF98758-99C7-4E19-A8A5-58DB82F13596}.AppStore|x64.Deploy.0 = Release|x64
		{1FF98758-99C7-4E19-A8A5-58DB82F13596}.AppStore|x86.ActiveCfg = Release|x86
		{1FF98758-99C7-4E19-A8A5-58DB82F13596}.AppStore|x86.Build.0 = Release|x86
		{1FF98758-99C7-4E19-A8A5-58DB82F13596}.AppStore|x86.Deploy.0 = Release|x86
		{1FF98758-99C7-4E19-A8A5-58DB82F13596}.Debug|Any CPU.ActiveCfg = Debug|Any CPU
		{1FF98758-99C7-4E19-A8A5-58DB82F13596}.Debug|Any CPU.Build.0 = Debug|Any CPU
		{1FF98758-99C7-4E19-A8A5-58DB82F13596}.Debug|Any CPU.Deploy.0 = Debug|Any CPU
		{1FF98758-99C7-4E19-A8A5-58DB82F13596}.Debug|ARM.ActiveCfg = Debug|ARM
		{1FF98758-99C7-4E19-A8A5-58DB82F13596}.Debug|ARM.Build.0 = Debug|ARM
		{1FF98758-99C7-4E19-A8A5-58DB82F13596}.Debug|ARM.Deploy.0 = Debug|ARM
		{1FF98758-99C7-4E19-A8A5-58DB82F13596}.Debug|iPhone.ActiveCfg = Debug|Any CPU
		{1FF98758-99C7-4E19-A8A5-58DB82F13596}.Debug|iPhone.Build.0 = Debug|Any CPU
		{1FF98758-99C7-4E19-A8A5-58DB82F13596}.Debug|iPhone.Deploy.0 = Debug|Any CPU
		{1FF98758-99C7-4E19-A8A5-58DB82F13596}.Debug|iPhoneSimulator.ActiveCfg = Debug|Any CPU
		{1FF98758-99C7-4E19-A8A5-58DB82F13596}.Debug|iPhoneSimulator.Build.0 = Debug|Any CPU
		{1FF98758-99C7-4E19-A8A5-58DB82F13596}.Debug|iPhoneSimulator.Deploy.0 = Debug|Any CPU
		{1FF98758-99C7-4E19-A8A5-58DB82F13596}.Debug|x64.ActiveCfg = Debug|x64
		{1FF98758-99C7-4E19-A8A5-58DB82F13596}.Debug|x64.Build.0 = Debug|x64
		{1FF98758-99C7-4E19-A8A5-58DB82F13596}.Debug|x64.Deploy.0 = Debug|x64
		{1FF98758-99C7-4E19-A8A5-58DB82F13596}.Debug|x86.ActiveCfg = Debug|x86
		{1FF98758-99C7-4E19-A8A5-58DB82F13596}.Debug|x86.Build.0 = Debug|x86
		{1FF98758-99C7-4E19-A8A5-58DB82F13596}.Debug|x86.Deploy.0 = Debug|x86
		{1FF98758-99C7-4E19-A8A5-58DB82F13596}.Release|Any CPU.ActiveCfg = Release|Any CPU
		{1FF98758-99C7-4E19-A8A5-58DB82F13596}.Release|Any CPU.Build.0 = Release|Any CPU
		{1FF98758-99C7-4E19-A8A5-58DB82F13596}.Release|Any CPU.Deploy.0 = Release|Any CPU
		{1FF98758-99C7-4E19-A8A5-58DB82F13596}.Release|ARM.ActiveCfg = Release|ARM
		{1FF98758-99C7-4E19-A8A5-58DB82F13596}.Release|ARM.Build.0 = Release|ARM
		{1FF98758-99C7-4E19-A8A5-58DB82F13596}.Release|ARM.Deploy.0 = Release|ARM
		{1FF98758-99C7-4E19-A8A5-58DB82F13596}.Release|iPhone.ActiveCfg = Release|Any CPU
		{1FF98758-99C7-4E19-A8A5-58DB82F13596}.Release|iPhone.Build.0 = Release|Any CPU
		{1FF98758-99C7-4E19-A8A5-58DB82F13596}.Release|iPhone.Deploy.0 = Release|Any CPU
		{1FF98758-99C7-4E19-A8A5-58DB82F13596}.Release|iPhoneSimulator.ActiveCfg = Release|Any CPU
		{1FF98758-99C7-4E19-A8A5-58DB82F13596}.Release|iPhoneSimulator.Build.0 = Release|Any CPU
		{1FF98758-99C7-4E19-A8A5-58DB82F13596}.Release|iPhoneSimulator.Deploy.0 = Release|Any CPU
		{1FF98758-99C7-4E19-A8A5-58DB82F13596}.Release|x64.ActiveCfg = Release|x64
		{1FF98758-99C7-4E19-A8A5-58DB82F13596}.Release|x64.Build.0 = Release|x64
		{1FF98758-99C7-4E19-A8A5-58DB82F13596}.Release|x64.Deploy.0 = Release|x64
		{1FF98758-99C7-4E19-A8A5-58DB82F13596}.Release|x86.ActiveCfg = Release|x86
		{1FF98758-99C7-4E19-A8A5-58DB82F13596}.Release|x86.Build.0 = Release|x86
		{1FF98758-99C7-4E19-A8A5-58DB82F13596}.Release|x86.Deploy.0 = Release|x86
	EndGlobalSection
	GlobalSection(SolutionProperties) = preSolution
		HideSolutionNode = FALSE
	EndGlobalSection
EndGlobal
